
Microsoft Visual Studio Solution File, Format Version 12.00
# Visual Studio Version 17
VisualStudioVersion = 17.10.35013.160
MinimumVisualStudioVersion = 10.0.40219.1
Project("{2150E333-8FDC-42A3-9474-1A3956D46DE8}") = "src", "src", "{D42B4C7C-7B1B-45B3-98AA-59AE2DA58A75}"
EndProject
Project("{FAE04EC0-301F-11D3-BF4B-00C04F79EFBC}") = "E-Commerce.Core", "E-Commerce.Core\E-Commerce.Core.csproj", "{23872341-A0AE-497D-A6B8-0E553ACF6950}"
EndProject
Project("{FAE04EC0-301F-11D3-BF4B-00C04F79EFBC}") = "E-Commerce.Infastructure", "E-Commerce.Infastructure\E-Commerce.Infastructure.csproj", "{4CBFA370-61F8-471B-A3CC-9C98DAAA2CB4}"
EndProject
Project("{FAE04EC0-301F-11D3-BF4B-00C04F79EFBC}") = "E-Commerce.Api", "E-Commerce.Api\E-Commerce.Api.csproj", "{92394FA1-FB9D-4AC8-B0BE-B006F4713C63}"
EndProject
Global
	GlobalSection(SolutionConfigurationPlatforms) = preSolution
		Debug|Any CPU = Debug|Any CPU
		Release|Any CPU = Release|Any CPU
	EndGlobalSection
	GlobalSection(ProjectConfigurationPlatforms) = postSolution
		{23872341-A0AE-497D-A6B8-0E553ACF6950}.Debug|Any CPU.ActiveCfg = Debug|Any CPU
		{23872341-A0AE-497D-A6B8-0E553ACF6950}.Debug|Any CPU.Build.0 = Debug|Any CPU
		{23872341-A0AE-497D-A6B8-0E553ACF6950}.Release|Any CPU.ActiveCfg = Release|Any CPU
		{23872341-A0AE-497D-A6B8-0E553ACF6950}.Release|Any CPU.Build.0 = Release|Any CPU
		{4CBFA370-61F8-471B-A3CC-9C98DAAA2CB4}.Debug|Any CPU.ActiveCfg = Debug|Any CPU
		{4CBFA370-61F8-471B-A3CC-9C98DAAA2CB4}.Debug|Any CPU.Build.0 = Debug|Any CPU
		{4CBFA370-61F8-471B-A3CC-9C98DAAA2CB4}.Release|Any CPU.ActiveCfg = Release|Any CPU
		{4CBFA370-61F8-471B-A3CC-9C98DAAA2CB4}.Release|Any CPU.Build.0 = Release|Any CPU
		{92394FA1-FB9D-4AC8-B0BE-B006F4713C63}.Debug|Any CPU.ActiveCfg = Debug|Any CPU
		{92394FA1-FB9D-4AC8-B0BE-B006F4713C63}.Debug|Any CPU.Build.0 = Debug|Any CPU
		{92394FA1-FB9D-4AC8-B0BE-B006F4713C63}.Release|Any CPU.ActiveCfg = Release|Any CPU
		{92394FA1-FB9D-4AC8-B0BE-B006F4713C63}.Release|Any CPU.Build.0 = Release|Any CPU
	EndGlobalSection
	GlobalSection(SolutionProperties) = preSolution
		HideSolutionNode = FALSE
	EndGlobalSection
	GlobalSection(NestedProjects) = preSolution
		{23872341-A0AE-497D-A6B8-0E553ACF6950} = {D42B4C7C-7B1B-45B3-98AA-59AE2DA58A75}
		{4CBFA370-61F8-471B-A3CC-9C98DAAA2CB4} = {D42B4C7C-7B1B-45B3-98AA-59AE2DA58A75}
		{92394FA1-FB9D-4AC8-B0BE-B006F4713C63} = {D42B4C7C-7B1B-45B3-98AA-59AE2DA58A75}
	EndGlobalSection
	GlobalSection(ExtensibilityGlobals) = postSolution
		SolutionGuid = {41FAB4FC-0805-4878-BF25-43B9438AC5B3}
	EndGlobalSection
EndGlobal
